// !$*UTF8*$!
{
	archiveVersion = 1;
	classes = {
	};
	objectVersion = 56;
	objects = {

/* Begin PBXBuildFile section */
		C5D96F7C2BD10243004D8940 /* ReservationsApp.swift in Sources */ = {isa = PBXBuildFile; fileRef = C5D96F7B2BD10243004D8940 /* ReservationsApp.swift */; };
		C5D96F7E2BD10243004D8940 /* ContentView.swift in Sources */ = {isa = PBXBuildFile; fileRef = C5D96F7D2BD10243004D8940 /* ContentView.swift */; };
		C5D96F802BD10244004D8940 /* Assets.xcassets in Resources */ = {isa = PBXBuildFile; fileRef = C5D96F7F2BD10244004D8940 /* Assets.xcassets */; };
		C5D96F832BD10244004D8940 /* Preview Assets.xcassets in Resources */ = {isa = PBXBuildFile; fileRef = C5D96F822BD10244004D8940 /* Preview Assets.xcassets */; };
		C5D96F8D2BD10244004D8940 /* ReservationsTests.swift in Sources */ = {isa = PBXBuildFile; fileRef = C5D96F8C2BD10244004D8940 /* ReservationsTests.swift */; };
		C5D96F972BD10244004D8940 /* ReservationsUITests.swift in Sources */ = {isa = PBXBuildFile; fileRef = C5D96F962BD10244004D8940 /* ReservationsUITests.swift */; };
		C5D96F992BD10244004D8940 /* ReservationsUITestsLaunchTests.swift in Sources */ = {isa = PBXBuildFile; fileRef = C5D96F982BD10244004D8940 /* ReservationsUITestsLaunchTests.swift */; };
		C5D96FAC2BD16717004D8940 /* ReservationForm.swift in Sources */ = {isa = PBXBuildFile; fileRef = C5D96FAB2BD16717004D8940 /* ReservationForm.swift */; };
/* End PBXBuildFile section */

/* Begin PBXContainerItemProxy section */
		C5D96F892BD10244004D8940 /* PBXContainerItemProxy */ = {
			isa = PBXContainerItemProxy;
			containerPortal = C5D96F702BD10243004D8940 /* Project object */;
			proxyType = 1;
			remoteGlobalIDString = C5D96F772BD10243004D8940;
			remoteInfo = Reservations;
		};
		C5D96F932BD10244004D8940 /* PBXContainerItemProxy */ = {
			isa = PBXContainerItemProxy;
			containerPortal = C5D96F702BD10243004D8940 /* Project object */;
			proxyType = 1;
			remoteGlobalIDString = C5D96F772BD10243004D8940;
			remoteInfo = Reservations;
		};
/* End PBXContainerItemProxy section */

/* Begin PBXFileReference section */
		C5D96F782BD10243004D8940 /* Reservations.app */ = {isa = PBXFileReference; explicitFileType = wrapper.application; includeInIndex = 0; path = Reservations.app; sourceTree = BUILT_PRODUCTS_DIR; };
		C5D96F7B2BD10243004D8940 /* ReservationsApp.swift */ = {isa = PBXFileReference; lastKnownFileType = sourcecode.swift; path = ReservationsApp.swift; sourceTree = "<group>"; };
		C5D96F7D2BD10243004D8940 /* ContentView.swift */ = {isa = PBXFileReference; lastKnownFileType = sourcecode.swift; path = ContentView.swift; sourceTree = "<group>"; };
		C5D96F7F2BD10244004D8940 /* Assets.xcassets */ = {isa = PBXFileReference; lastKnownFileType = folder.assetcatalog; path = Assets.xcassets; sourceTree = "<group>"; };
		C5D96F822BD10244004D8940 /* Preview Assets.xcassets */ = {isa = PBXFileReference; lastKnownFileType = folder.assetcatalog; path = "Preview Assets.xcassets"; sourceTree = "<group>"; };
		C5D96F882BD10244004D8940 /* ReservationsTests.xctest */ = {isa = PBXFileReference; explicitFileType = wrapper.cfbundle; includeInIndex = 0; path = ReservationsTests.xctest; sourceTree = BUILT_PRODUCTS_DIR; };
		C5D96F8C2BD10244004D8940 /* ReservationsTests.swift */ = {isa = PBXFileReference; lastKnownFileType = sourcecode.swift; path = ReservationsTests.swift; sourceTree = "<group>"; };
		C5D96F922BD10244004D8940 /* ReservationsUITests.xctest */ = {isa = PBXFileReference; explicitFileType = wrapper.cfbundle; includeInIndex = 0; path = ReservationsUITests.xctest; sourceTree = BUILT_PRODUCTS_DIR; };
		C5D96F962BD10244004D8940 /* ReservationsUITests.swift */ = {isa = PBXFileReference; lastKnownFileType = sourcecode.swift; path = ReservationsUITests.swift; sourceTree = "<group>"; };
		C5D96F982BD10244004D8940 /* ReservationsUITestsLaunchTests.swift */ = {isa = PBXFileReference; lastKnownFileType = sourcecode.swift; path = ReservationsUITestsLaunchTests.swift; sourceTree = "<group>"; };
		C5D96FAB2BD16717004D8940 /* ReservationForm.swift */ = {isa = PBXFileReference; lastKnownFileType = sourcecode.swift; path = ReservationForm.swift; sourceTree = "<group>"; };
/* End PBXFileReference section */

/* Begin PBXFrameworksBuildPhase section */
		C5D96F752BD10243004D8940 /* Frameworks */ = {
			isa = PBXFrameworksBuildPhase;
			buildActionMask = 2147483647;
			files = (
			);
			runOnlyForDeploymentPostprocessing = 0;
		};
		C5D96F852BD10244004D8940 /* Frameworks */ = {
			isa = PBXFrameworksBuildPhase;
			buildActionMask = 2147483647;
			files = (
			);
			runOnlyForDeploymentPostprocessing = 0;
		};
		C5D96F8F2BD10244004D8940 /* Frameworks */ = {
			isa = PBXFrameworksBuildPhase;
			buildActionMask = 2147483647;
			files = (
			);
			runOnlyForDeploymentPostprocessing = 0;
		};
/* End PBXFrameworksBuildPhase section */

/* Begin PBXGroup section */
		C5D96F6F2BD10243004D8940 = {
			isa = PBXGroup;
			children = (
				C5D96F7A2BD10243004D8940 /* Reservations */,
				C5D96F8B2BD10244004D8940 /* ReservationsTests */,
				C5D96F952BD10244004D8940 /* ReservationsUITests */,
				C5D96F792BD10243004D8940 /* Products */,
			);
			sourceTree = "<group>";
		};
		C5D96F792BD10243004D8940 /* Products */ = {
			isa = PBXGroup;
			children = (
				C5D96F782BD10243004D8940 /* Reservations.app */,
				C5D96F882BD10244004D8940 /* ReservationsTests.xctest */,
				C5D96F922BD10244004D8940 /* ReservationsUITests.xctest */,
			);
			name = Products;
			sourceTree = "<group>";
		};
		C5D96F7A2BD10243004D8940 /* Reservations */ = {
			isa = PBXGroup;
			children = (
				C5D96F7B2BD10243004D8940 /* ReservationsApp.swift */,
				C5D96F7D2BD10243004D8940 /* ContentView.swift */,
				C5D96FAB2BD16717004D8940 /* ReservationForm.swift */,
				C5D96F7F2BD10244004D8940 /* Assets.xcassets */,
				C5D96F812BD10244004D8940 /* Preview Content */,
			);
			path = Reservations;
			sourceTree = "<group>";
		};
		C5D96F812BD10244004D8940 /* Preview Content */ = {
			isa = PBXGroup;
			children = (
				C5D96F822BD10244004D8940 /* Preview Assets.xcassets */,
			);
			path = "Preview Content";
			sourceTree = "<group>";
		};
		C5D96F8B2BD10244004D8940 /* ReservationsTests */ = {
			isa = PBXGroup;
			children = (
				C5D96F8C2BD10244004D8940 /* ReservationsTests.swift */,
			);
			path = ReservationsTests;
			sourceTree = "<group>";
		};
		C5D96F952BD10244004D8940 /* ReservationsUITests */ = {
			isa = PBXGroup;
			children = (
				C5D96F962BD10244004D8940 /* ReservationsUITests.swift */,
				C5D96F982BD10244004D8940 /* ReservationsUITestsLaunchTests.swift */,
			);
			path = ReservationsUITests;
			sourceTree = "<group>";
		};
/* End PBXGroup section */

/* Begin PBXNativeTarget section */
		C5D96F772BD10243004D8940 /* Reservations */ = {
			isa = PBXNativeTarget;
			buildConfigurationList = C5D96F9C2BD10244004D8940 /* Build configuration list for PBXNativeTarget "Reservations" */;
			buildPhases = (
				C5D96F742BD10243004D8940 /* Sources */,
				C5D96F752BD10243004D8940 /* Frameworks */,
				C5D96F762BD10243004D8940 /* Resources */,
			);
			buildRules = (
			);
			dependencies = (
			);
			name = Reservations;
			productName = Reservations;
			productReference = C5D96F782BD10243004D8940 /* Reservations.app */;
			productType = "com.apple.product-type.application";
		};
		C5D96F872BD10244004D8940 /* ReservationsTests */ = {
			isa = PBXNativeTarget;
			buildConfigurationList = C5D96F9F2BD10244004D8940 /* Build configuration list for PBXNativeTarget "ReservationsTests" */;
			buildPhases = (
				C5D96F842BD10244004D8940 /* Sources */,
				C5D96F852BD10244004D8940 /* Frameworks */,
				C5D96F862BD10244004D8940 /* Resources */,
			);
			buildRules = (
			);
			dependencies = (
				C5D96F8A2BD10244004D8940 /* PBXTargetDependency */,
			);
			name = ReservationsTests;
			productName = ReservationsTests;
			productReference = C5D96F882BD10244004D8940 /* ReservationsTests.xctest */;
			productType = "com.apple.product-type.bundle.unit-test";
		};
		C5D96F912BD10244004D8940 /* ReservationsUITests */ = {
			isa = PBXNativeTarget;
			buildConfigurationList = C5D96FA22BD10244004D8940 /* Build configuration list for PBXNativeTarget "ReservationsUITests" */;
			buildPhases = (
				C5D96F8E2BD10244004D8940 /* Sources */,
				C5D96F8F2BD10244004D8940 /* Frameworks */,
				C5D96F902BD10244004D8940 /* Resources */,
			);
			buildRules = (
			);
			dependencies = (
				C5D96F942BD10244004D8940 /* PBXTargetDependency */,
			);
			name = ReservationsUITests;
			productName = ReservationsUITests;
			productReference = C5D96F922BD10244004D8940 /* ReservationsUITests.xctest */;
			productType = "com.apple.product-type.bundle.ui-testing";
		};
/* End PBXNativeTarget section */

/* Begin PBXProject section */
		C5D96F702BD10243004D8940 /* Project object */ = {
			isa = PBXProject;
			attributes = {
				BuildIndependentTargetsInParallel = 1;
				LastSwiftUpdateCheck = 1530;
				LastUpgradeCheck = 1530;
				TargetAttributes = {
					C5D96F772BD10243004D8940 = {
						CreatedOnToolsVersion = 15.3;
					};
					C5D96F872BD10244004D8940 = {
						CreatedOnToolsVersion = 15.3;
						TestTargetID = C5D96F772BD10243004D8940;
					};
					C5D96F912BD10244004D8940 = {
						CreatedOnToolsVersion = 15.3;
						TestTargetID = C5D96F772BD10243004D8940;
					};
				};
			};
			buildConfigurationList = C5D96F732BD10243004D8940 /* Build configuration list for PBXProject "Reservations" */;
			compatibilityVersion = "Xcode 14.0";
			developmentRegion = en;
			hasScannedForEncodings = 0;
			knownRegions = (
				en,
				Base,
			);
			mainGroup = C5D96F6F2BD10243004D8940;
			productRefGroup = C5D96F792BD10243004D8940 /* Products */;
			projectDirPath = "";
			projectRoot = "";
			targets = (
				C5D96F772BD10243004D8940 /* Reservations */,
				C5D96F872BD10244004D8940 /* ReservationsTests */,
				C5D96F912BD10244004D8940 /* ReservationsUITests */,
			);
		};
/* End PBXProject section */

/* Begin PBXResourcesBuildPhase section */
		C5D96F762BD10243004D8940 /* Resources */ = {
			isa = PBXResourcesBuildPhase;
			buildActionMask = 2147483647;
			files = (
				C5D96F832BD10244004D8940 /* Preview Assets.xcassets in Resources */,
				C5D96F802BD10244004D8940 /* Assets.xcassets in Resources */,
			);
			runOnlyForDeploymentPostprocessing = 0;
		};
		C5D96F862BD10244004D8940 /* Resources */ = {
			isa = PBXResourcesBuildPhase;
			buildActionMask = 2147483647;
			files = (
			);
			runOnlyForDeploymentPostprocessing = 0;
		};
		C5D96F902BD10244004D8940 /* Resources */ = {
			isa = PBXResourcesBuildPhase;
			buildActionMask = 2147483647;
			files = (
			);
			runOnlyForDeploymentPostprocessing = 0;
		};
/* End PBXResourcesBuildPhase section */

/* Begin PBXSourcesBuildPhase section */
		C5D96F742BD10243004D8940 /* Sources */ = {
			isa = PBXSourcesBuildPhase;
			buildActionMask = 2147483647;
			files = (
				C5D96FAC2BD16717004D8940 /* ReservationForm.swift in Sources */,
				C5D96F7E2BD10243004D8940 /* ContentView.swift in Sources */,
				C5D96F7C2BD10243004D8940 /* ReservationsApp.swift in Sources */,
			);
			runOnlyForDeploymentPostprocessing = 0;
		};
		C5D96F842BD10244004D8940 /* Sources */ = {
			isa = PBXSourcesBuildPhase;
			buildActionMask = 2147483647;
			files = (
				C5D96F8D2BD10244004D8940 /* ReservationsTests.swift in Sources */,
			);
			runOnlyForDeploymentPostprocessing = 0;
		};
		C5D96F8E2BD10244004D8940 /* Sources */ = {
			isa = PBXSourcesBuildPhase;
			buildActionMask = 2147483647;
			files = (
				C5D96F972BD10244004D8940 /* ReservationsUITests.swift in Sources */,
				C5D96F992BD10244004D8940 /* ReservationsUITestsLaunchTests.swift in Sources */,
			);
			runOnlyForDeploymentPostprocessing = 0;
		};
/* End PBXSourcesBuildPhase section */

/* Begin PBXTargetDependency section */
		C5D96F8A2BD10244004D8940 /* PBXTargetDependency */ = {
			isa = PBXTargetDependency;
			target = C5D96F772BD10243004D8940 /* Reservations */;
			targetProxy = C5D96F892BD10244004D8940 /* PBXContainerItemProxy */;
		};
		C5D96F942BD10244004D8940 /* PBXTargetDependency */ = {
			isa = PBXTargetDependency;
			target = C5D96F772BD10243004D8940 /* Reservations */;
			targetProxy = C5D96F932BD10244004D8940 /* PBXContainerItemProxy */;
		};
/* End PBXTargetDependency section */

/* Begin XCBuildConfiguration section */
		C5D96F9A2BD10244004D8940 /* Debug */ = {
			isa = XCBuildConfiguration;
			buildSettings = {
				ALWAYS_SEARCH_USER_PATHS = NO;
				ASSETCATALOG_COMPILER_GENERATE_SWIFT_ASSET_SYMBOL_EXTENSIONS = YES;
				CLANG_ANALYZER_NONNULL = YES;
				CLANG_ANALYZER_NUMBER_OBJECT_CONVERSION = YES_AGGRESSIVE;
				CLANG_CXX_LANGUAGE_STANDARD = "gnu++20";
				CLANG_ENABLE_MODULES = YES;
				CLANG_ENABLE_OBJC_ARC = YES;
				CLANG_ENABLE_OBJC_WEAK = YES;
				CLANG_WARN_BLOCK_CAPTURE_AUTORELEASING = YES;
				CLANG_WARN_BOOL_CONVERSION = YES;
				CLANG_WARN_COMMA = YES;
				CLANG_WARN_CONSTANT_CONVERSION = YES;
				CLANG_WARN_DEPRECATED_OBJC_IMPLEMENTATIONS = YES;
				CLANG_WARN_DIRECT_OBJC_ISA_USAGE = YES_ERROR;
				CLANG_WARN_DOCUMENTATION_COMMENTS = YES;
				CLANG_WARN_EMPTY_BODY = YES;
				CLANG_WARN_ENUM_CONVERSION = YES;
				CLANG_WARN_INFINITE_RECURSION = YES;
				CLANG_WARN_INT_CONVERSION = YES;
				CLANG_WARN_NON_LITERAL_NULL_CONVERSION = YES;
				CLANG_WARN_OBJC_IMPLICIT_RETAIN_SELF = YES;
				CLANG_WARN_OBJC_LITERAL_CONVERSION = YES;
				CLANG_WARN_OBJC_ROOT_CLASS = YES_ERROR;
				CLANG_WARN_QUOTED_INCLUDE_IN_FRAMEWORK_HEADER = YES;
				CLANG_WARN_RANGE_LOOP_ANALYSIS = YES;
				CLANG_WARN_STRICT_PROTOTYPES = YES;
				CLANG_WARN_SUSPICIOUS_MOVE = YES;
				CLANG_WARN_UNGUARDED_AVAILABILITY = YES_AGGRESSIVE;
				CLANG_WARN_UNREACHABLE_CODE = YES;
				CLANG_WARN__DUPLICATE_METHOD_MATCH = YES;
				COPY_PHASE_STRIP = NO;
				DEBUG_INFORMATION_FORMAT = dwarf;
				ENABLE_STRICT_OBJC_MSGSEND = YES;
				ENABLE_TESTABILITY = YES;
				ENABLE_USER_SCRIPT_SANDBOXING = YES;
				GCC_C_LANGUAGE_STANDARD = gnu17;
				GCC_DYNAMIC_NO_PIC = NO;
				GCC_NO_COMMON_BLOCKS = YES;
				GCC_OPTIMIZATION_LEVEL = 0;
				GCC_PREPROCESSOR_DEFINITIONS = (
					"DEBUG=1",
					"$(inherited)",
				);
				GCC_WARN_64_TO_32_BIT_CONVERSION = YES;
				GCC_WARN_ABOUT_RETURN_TYPE = YES_ERROR;
				GCC_WARN_UNDECLARED_SELECTOR = YES;
				GCC_WARN_UNINITIALIZED_AUTOS = YES_AGGRESSIVE;
				GCC_WARN_UNUSED_FUNCTION = YES;
				GCC_WARN_UNUSED_VARIABLE = YES;
				IPHONEOS_DEPLOYMENT_TARGET = 17.4;
				LOCALIZATION_PREFERS_STRING_CATALOGS = YES;
				MTL_ENABLE_DEBUG_INFO = INCLUDE_SOURCE;
				MTL_FAST_MATH = YES;
				ONLY_ACTIVE_ARCH = YES;
				SDKROOT = iphoneos;
				SWIFT_ACTIVE_COMPILATION_CONDITIONS = "DEBUG $(inherited)";
				SWIFT_OPTIMIZATION_LEVEL = "-Onone";
			};
			name = Debug;
		};
		C5D96F9B2BD10244004D8940 /* Release */ = {
			isa = XCBuildConfiguration;
			buildSettings = {
				ALWAYS_SEARCH_USER_PATHS = NO;
				ASSETCATALOG_COMPILER_GENERATE_SWIFT_ASSET_SYMBOL_EXTENSIONS = YES;
				CLANG_ANALYZER_NONNULL = YES;
				CLANG_ANALYZER_NUMBER_OBJECT_CONVERSION = YES_AGGRESSIVE;
				CLANG_CXX_LANGUAGE_STANDARD = "gnu++20";
				CLANG_ENABLE_MODULES = YES;
				CLANG_ENABLE_OBJC_ARC = YES;
				CLANG_ENABLE_OBJC_WEAK = YES;
				CLANG_WARN_BLOCK_CAPTURE_AUTORELEASING = YES;
				CLANG_WARN_BOOL_CONVERSION = YES;
				CLANG_WARN_COMMA = YES;
				CLANG_WARN_CONSTANT_CONVERSION = YES;
				CLANG_WARN_DEPRECATED_OBJC_IMPLEMENTATIONS = YES;
				CLANG_WARN_DIRECT_OBJC_ISA_USAGE = YES_ERROR;
				CLANG_WARN_DOCUMENTATION_COMMENTS = YES;
				CLANG_WARN_EMPTY_BODY = YES;
				CLANG_WARN_ENUM_CONVERSION = YES;
				CLANG_WARN_INFINITE_RECURSION = YES;
				CLANG_WARN_INT_CONVERSION = YES;
				CLANG_WARN_NON_LITERAL_NULL_CONVERSION = YES;
				CLANG_WARN_OBJC_IMPLICIT_RETAIN_SELF = YES;
				CLANG_WARN_OBJC_LITERAL_CONVERSION = YES;
				CLANG_WARN_OBJC_ROOT_CLASS = YES_ERROR;
				CLANG_WARN_QUOTED_INCLUDE_IN_FRAMEWORK_HEADER = YES;
				CLANG_WARN_RANGE_LOOP_ANALYSIS = YES;
				CLANG_WARN_STRICT_PROTOTYPES = YES;
				CLANG_WARN_SUSPICIOUS_MOVE = YES;
				CLANG_WARN_UNGUARDED_AVAILABILITY = YES_AGGRESSIVE;
				CLANG_WARN_UNREACHABLE_CODE = YES;
				CLANG_WARN__DUPLICATE_METHOD_MATCH = YES;
				COPY_PHASE_STRIP = NO;
				DEBUG_INFORMATION_FORMAT = "dwarf-with-dsym";
				ENABLE_NS_ASSERTIONS = NO;
				ENABLE_STRICT_OBJC_MSGSEND = YES;
				ENABLE_USER_SCRIPT_SANDBOXING = YES;
				GCC_C_LANGUAGE_STANDARD = gnu17;
				GCC_NO_COMMON_BLOCKS = YES;
				GCC_WARN_64_TO_32_BIT_CONVERSION = YES;
				GCC_WARN_ABOUT_RETURN_TYPE = YES_ERROR;
				GCC_WARN_UNDECLARED_SELECTOR = YES;
				GCC_WARN_UNINITIALIZED_AUTOS = YES_AGGRESSIVE;
				GCC_WARN_UNUSED_FUNCTION = YES;
				GCC_WARN_UNUSED_VARIABLE = YES;
				IPHONEOS_DEPLOYMENT_TARGET = 17.4;
				LOCALIZATION_PREFERS_STRING_CATALOGS = YES;
				MTL_ENABLE_DEBUG_INFO = NO;
				MTL_FAST_MATH = YES;
				SDKROOT = iphoneos;
				SWIFT_COMPILATION_MODE = wholemodule;
				VALIDATE_PRODUCT = YES;
			};
			name = Release;
		};
		C5D96F9D2BD10244004D8940 /* Debug */ = {
			isa = XCBuildConfiguration;
			buildSettings = {
				ASSETCATALOG_COMPILER_APPICON_NAME = AppIcon;
				ASSETCATALOG_COMPILER_GLOBAL_ACCENT_COLOR_NAME = AccentColor;
				CODE_SIGN_STYLE = Automatic;
				CURRENT_PROJECT_VERSION = 1;
				DEVELOPMENT_ASSET_PATHS = "\"Reservations/Preview Content\"";
				ENABLE_PREVIEWS = YES;
				GENERATE_INFOPLIST_FILE = YES;
				INFOPLIST_KEY_UIApplicationSceneManifest_Generation = YES;
				INFOPLIST_KEY_UIApplicationSupportsIndirectInputEvents = YES;
				INFOPLIST_KEY_UILaunchScreen_Generation = YES;
				INFOPLIST_KEY_UISupportedInterfaceOrientations_iPad = "UIInterfaceOrientationPortrait UIInterfaceOrientationPortraitUpsideDown UIInterfaceOrientationLandscapeLeft UIInterfaceOrientationLandscapeRight";
				INFOPLIST_KEY_UISupportedInterfaceOrientations_iPhone = "UIInterfaceOrientationPortrait UIInterfaceOrientationLandscapeLeft UIInterfaceOrientationLandscapeRight";
				LD_RUNPATH_SEARCH_PATHS = (
					"$(inherited)",
					"@executable_path/Frameworks",
				);
				MARKETING_VERSION = 1.0;
				PRODUCT_BUNDLE_IDENTIFIER = kane.Reservations;
				PRODUCT_NAME = "$(TARGET_NAME)";
				SWIFT_EMIT_LOC_STRINGS = YES;
				SWIFT_VERSION = 5.0;
				TARGETED_DEVICE_FAMILY = "1,2";
			};
			name = Debug;
		};
		C5D96F9E2BD10244004D8940 /* Release */ = {
			isa = XCBuildConfiguration;
			buildSettings = {
				ASSETCATALOG_COMPILER_APPICON_NAME = AppIcon;
				ASSETCATALOG_COMPILER_GLOBAL_ACCENT_COLOR_NAME = AccentColor;
				CODE_SIGN_STYLE = Automatic;
				CURRENT_PROJECT_VERSION = 1;
				DEVELOPMENT_ASSET_PATHS = "\"Reservations/Preview Content\"";
				ENABLE_PREVIEWS = YES;
				GENERATE_INFOPLIST_FILE = YES;
				INFOPLIST_KEY_UIApplicationSceneManifest_Generation = YES;
				INFOPLIST_KEY_UIApplicationSupportsIndirectInputEvents = YES;
				INFOPLIST_KEY_UILaunchScreen_Generation = YES;
				INFOPLIST_KEY_UISupportedInterfaceOrientations_iPad = "UIInterfaceOrientationPortrait UIInterfaceOrientationPortraitUpsideDown UIInterfaceOrientationLandscapeLeft UIInterfaceOrientationLandscapeRight";
				INFOPLIST_KEY_UISupportedInterfaceOrientations_iPhone = "UIInterfaceOrientationPortrait UIInterfaceOrientationLandscapeLeft UIInterfaceOrientationLandscapeRight";
				LD_RUNPATH_SEARCH_PATHS = (
					"$(inherited)",
					"@executable_path/Frameworks",
				);
				MARKETING_VERSION = 1.0;
				PRODUCT_BUNDLE_IDENTIFIER = kane.Reservations;
				PRODUCT_NAME = "$(TARGET_NAME)";
				SWIFT_EMIT_LOC_STRINGS = YES;
				SWIFT_VERSION = 5.0;
				TARGETED_DEVICE_FAMILY = "1,2";
			};
			name = Release;
		};
		C5D96FA02BD10244004D8940 /* Debug */ = {
			isa = XCBuildConfiguration;
			buildSettings = {
				ALWAYS_EMBED_SWIFT_STANDARD_LIBRARIES = YES;
				BUNDLE_LOADER = "$(TEST_HOST)";
				CODE_SIGN_STYLE = Automatic;
				CURRENT_PROJECT_VERSION = 1;
				GENERATE_INFOPLIST_FILE = YES;
				IPHONEOS_DEPLOYMENT_TARGET = 17.4;
				MARKETING_VERSION = 1.0;
				PRODUCT_BUNDLE_IDENTIFIER = kane.ReservationsTests;
				PRODUCT_NAME = "$(TARGET_NAME)";
				SWIFT_EMIT_LOC_STRINGS = NO;
				SWIFT_VERSION = 5.0;
				TARGETED_DEVICE_FAMILY = "1,2";
				TEST_HOST = "$(BUILT_PRODUCTS_DIR)/Reservations.app/$(BUNDLE_EXECUTABLE_FOLDER_PATH)/Reservations";
			};
			name = Debug;
		};
		C5D96FA12BD10244004D8940 /* Release */ = {
			isa = XCBuildConfiguration;
			buildSettings = {
				ALWAYS_EMBED_SWIFT_STANDARD_LIBRARIES = YES;
				BUNDLE_LOADER = "$(TEST_HOST)";
				CODE_SIGN_STYLE = Automatic;
				CURRENT_PROJECT_VERSION = 1;
				GENERATE_INFOPLIST_FILE = YES;
				IPHONEOS_DEPLOYMENT_TARGET = 17.4;
				MARKETING_VERSION = 1.0;
				PRODUCT_BUNDLE_IDENTIFIER = kane.ReservationsTests;
				PRODUCT_NAME = "$(TARGET_NAME)";
				SWIFT_EMIT_LOC_STRINGS = NO;
				SWIFT_VERSION = 5.0;
				TARGETED_DEVICE_FAMILY = "1,2";
				TEST_HOST = "$(BUILT_PRODUCTS_DIR)/Reservations.app/$(BUNDLE_EXECUTABLE_FOLDER_PATH)/Reservations";
			};
			name = Release;
		};
		C5D96FA32BD10244004D8940 /* Debug */ = {
			isa = XCBuildConfiguration;
			buildSettings = {
				ALWAYS_EMBED_SWIFT_STANDARD_LIBRARIES = YES;
				CODE_SIGN_STYLE = Automatic;
				CURRENT_PROJECT_VERSION = 1;
				GENERATE_INFOPLIST_FILE = YES;
				MARKETING_VERSION = 1.0;
				PRODUCT_BUNDLE_IDENTIFIER = kane.ReservationsUITests;
				PRODUCT_NAME = "$(TARGET_NAME)";
				SWIFT_EMIT_LOC_STRINGS = NO;
				SWIFT_VERSION = 5.0;
				TARGETED_DEVICE_FAMILY = "1,2";
				TEST_TARGET_NAME = Reservations;
			};
			name = Debug;
		};
		C5D96FA42BD10244004D8940 /* Release */ = {
			isa = XCBuildConfiguration;
			buildSettings = {
				ALWAYS_EMBED_SWIFT_STANDARD_LIBRARIES = YES;
				CODE_SIGN_STYLE = Automatic;
				CURRENT_PROJECT_VERSION = 1;
				GENERATE_INFOPLIST_FILE = YES;
				MARKETING_VERSION = 1.0;
				PRODUCT_BUNDLE_IDENTIFIER = kane.ReservationsUITests;
				PRODUCT_NAME = "$(TARGET_NAME)";
				SWIFT_EMIT_LOC_STRINGS = NO;
				SWIFT_VERSION = 5.0;
				TARGETED_DEVICE_FAMILY = "1,2";
				TEST_TARGET_NAME = Reservations;
			};
			name = Release;
		};
/* End XCBuildConfiguration section */

/* Begin XCConfigurationList section */
		C5D96F732BD10243004D8940 /* Build configuration list for PBXProject "Reservations" */ = {
			isa = XCConfigurationList;
			buildConfigurations = (
				C5D96F9A2BD10244004D8940 /* Debug */,
				C5D96F9B2BD10244004D8940 /* Release */,
			);
			defaultConfigurationIsVisible = 0;
			defaultConfigurationName = Release;
		};
		C5D96F9C2BD10244004D8940 /* Build configuration list for PBXNativeTarget "Reservations" */ = {
			isa = XCConfigurationList;
			buildConfigurations = (
				C5D96F9D2BD10244004D8940 /* Debug */,
				C5D96F9E2BD10244004D8940 /* Release */,
			);
			defaultConfigurationIsVisible = 0;
			defaultConfigurationName = Release;
		};
		C5D96F9F2BD10244004D8940 /* Build configuration list for PBXNativeTarget "ReservationsTests" */ = {
			isa = XCConfigurationList;
			buildConfigurations = (
				C5D96FA02BD10244004D8940 /* Debug */,
				C5D96FA12BD10244004D8940 /* Release */,
			);
			defaultConfigurationIsVisible = 0;
			defaultConfigurationName = Release;
		};
		C5D96FA22BD10244004D8940 /* Build configuration list for PBXNativeTarget "ReservationsUITests" */ = {
			isa = XCConfigurationList;
			buildConfigurations = (
				C5D96FA32BD10244004D8940 /* Debug */,
				C5D96FA42BD10244004D8940 /* Release */,
			);
			defaultConfigurationIsVisible = 0;
			defaultConfigurationName = Release;
		};
/* End XCConfigurationList section */
	};
	rootObject = C5D96F702BD10243004D8940 /* Project object */;
}
