// !$*UTF8*$!
{
	archiveVersion = 1;
	classes = {
	};
	objectVersion = 56;
	objects = {

/* Begin PBXBuildFile section */
		C54DDCC42BDA2E820005FA21 /* SwiftUI_WeatherApp.swift in Sources */ = {isa = PBXBuildFile; fileRef = C54DDCC32BDA2E820005FA21 /* SwiftUI_WeatherApp.swift */; };
		C54DDCC62BDA2E820005FA21 /* ContentView.swift in Sources */ = {isa = PBXBuildFile; fileRef = C54DDCC52BDA2E820005FA21 /* ContentView.swift */; };
		C54DDCC82BDA2E820005FA21 /* Assets.xcassets in Resources */ = {isa = PBXBuildFile; fileRef = C54DDCC72BDA2E820005FA21 /* Assets.xcassets */; };
		C54DDCCB2BDA2E820005FA21 /* Preview Assets.xcassets in Resources */ = {isa = PBXBuildFile; fileRef = C54DDCCA2BDA2E820005FA21 /* Preview Assets.xcassets */; };
		C54DDCD52BDA2E820005FA21 /* SwiftUI_WeatherTests.swift in Sources */ = {isa = PBXBuildFile; fileRef = C54DDCD42BDA2E820005FA21 /* SwiftUI_WeatherTests.swift */; };
		C54DDCDF2BDA2E820005FA21 /* SwiftUI_WeatherUITests.swift in Sources */ = {isa = PBXBuildFile; fileRef = C54DDCDE2BDA2E820005FA21 /* SwiftUI_WeatherUITests.swift */; };
		C54DDCE12BDA2E820005FA21 /* SwiftUI_WeatherUITestsLaunchTests.swift in Sources */ = {isa = PBXBuildFile; fileRef = C54DDCE02BDA2E820005FA21 /* SwiftUI_WeatherUITestsLaunchTests.swift */; };
		C54DDCEE2BDA4A180005FA21 /* WeatherDayView.swift in Sources */ = {isa = PBXBuildFile; fileRef = C54DDCED2BDA4A180005FA21 /* WeatherDayView.swift */; };
		C54DDCF02BDA4DB40005FA21 /* TodayView.swift in Sources */ = {isa = PBXBuildFile; fileRef = C54DDCEF2BDA4DB40005FA21 /* TodayView.swift */; };
		C54DDCF22BDA4E2A0005FA21 /* BackgroundView.swift in Sources */ = {isa = PBXBuildFile; fileRef = C54DDCF12BDA4E2A0005FA21 /* BackgroundView.swift */; };
		C54DDCF42BDA4E870005FA21 /* TitleTodayView.swift in Sources */ = {isa = PBXBuildFile; fileRef = C54DDCF32BDA4E870005FA21 /* TitleTodayView.swift */; };
/* End PBXBuildFile section */

/* Begin PBXContainerItemProxy section */
		C54DDCD12BDA2E820005FA21 /* PBXContainerItemProxy */ = {
			isa = PBXContainerItemProxy;
			containerPortal = C54DDCB82BDA2E820005FA21 /* Project object */;
			proxyType = 1;
			remoteGlobalIDString = C54DDCBF2BDA2E820005FA21;
			remoteInfo = "SwiftUI-Weather";
		};
		C54DDCDB2BDA2E820005FA21 /* PBXContainerItemProxy */ = {
			isa = PBXContainerItemProxy;
			containerPortal = C54DDCB82BDA2E820005FA21 /* Project object */;
			proxyType = 1;
			remoteGlobalIDString = C54DDCBF2BDA2E820005FA21;
			remoteInfo = "SwiftUI-Weather";
		};
/* End PBXContainerItemProxy section */

/* Begin PBXFileReference section */
		C54DDCC02BDA2E820005FA21 /* SwiftUI-Weather.app */ = {isa = PBXFileReference; explicitFileType = wrapper.application; includeInIndex = 0; path = "SwiftUI-Weather.app"; sourceTree = BUILT_PRODUCTS_DIR; };
		C54DDCC32BDA2E820005FA21 /* SwiftUI_WeatherApp.swift */ = {isa = PBXFileReference; lastKnownFileType = sourcecode.swift; path = SwiftUI_WeatherApp.swift; sourceTree = "<group>"; };
		C54DDCC52BDA2E820005FA21 /* ContentView.swift */ = {isa = PBXFileReference; lastKnownFileType = sourcecode.swift; path = ContentView.swift; sourceTree = "<group>"; };
		C54DDCC72BDA2E820005FA21 /* Assets.xcassets */ = {isa = PBXFileReference; lastKnownFileType = folder.assetcatalog; path = Assets.xcassets; sourceTree = "<group>"; };
		C54DDCCA2BDA2E820005FA21 /* Preview Assets.xcassets */ = {isa = PBXFileReference; lastKnownFileType = folder.assetcatalog; path = "Preview Assets.xcassets"; sourceTree = "<group>"; };
		C54DDCD02BDA2E820005FA21 /* SwiftUI-WeatherTests.xctest */ = {isa = PBXFileReference; explicitFileType = wrapper.cfbundle; includeInIndex = 0; path = "SwiftUI-WeatherTests.xctest"; sourceTree = BUILT_PRODUCTS_DIR; };
		C54DDCD42BDA2E820005FA21 /* SwiftUI_WeatherTests.swift */ = {isa = PBXFileReference; lastKnownFileType = sourcecode.swift; path = SwiftUI_WeatherTests.swift; sourceTree = "<group>"; };
		C54DDCDA2BDA2E820005FA21 /* SwiftUI-WeatherUITests.xctest */ = {isa = PBXFileReference; explicitFileType = wrapper.cfbundle; includeInIndex = 0; path = "SwiftUI-WeatherUITests.xctest"; sourceTree = BUILT_PRODUCTS_DIR; };
		C54DDCDE2BDA2E820005FA21 /* SwiftUI_WeatherUITests.swift */ = {isa = PBXFileReference; lastKnownFileType = sourcecode.swift; path = SwiftUI_WeatherUITests.swift; sourceTree = "<group>"; };
		C54DDCE02BDA2E820005FA21 /* SwiftUI_WeatherUITestsLaunchTests.swift */ = {isa = PBXFileReference; lastKnownFileType = sourcecode.swift; path = SwiftUI_WeatherUITestsLaunchTests.swift; sourceTree = "<group>"; };
		C54DDCED2BDA4A180005FA21 /* WeatherDayView.swift */ = {isa = PBXFileReference; lastKnownFileType = sourcecode.swift; path = WeatherDayView.swift; sourceTree = "<group>"; };
		C54DDCEF2BDA4DB40005FA21 /* TodayView.swift */ = {isa = PBXFileReference; lastKnownFileType = sourcecode.swift; path = TodayView.swift; sourceTree = "<group>"; };
		C54DDCF12BDA4E2A0005FA21 /* BackgroundView.swift */ = {isa = PBXFileReference; lastKnownFileType = sourcecode.swift; path = BackgroundView.swift; sourceTree = "<group>"; };
		C54DDCF32BDA4E870005FA21 /* TitleTodayView.swift */ = {isa = PBXFileReference; lastKnownFileType = sourcecode.swift; path = TitleTodayView.swift; sourceTree = "<group>"; };
/* End PBXFileReference section */

/* Begin PBXFrameworksBuildPhase section */
		C54DDCBD2BDA2E820005FA21 /* Frameworks */ = {
			isa = PBXFrameworksBuildPhase;
			buildActionMask = 2147483647;
			files = (
			);
			runOnlyForDeploymentPostprocessing = 0;
		};
		C54DDCCD2BDA2E820005FA21 /* Frameworks */ = {
			isa = PBXFrameworksBuildPhase;
			buildActionMask = 2147483647;
			files = (
			);
			runOnlyForDeploymentPostprocessing = 0;
		};
		C54DDCD72BDA2E820005FA21 /* Frameworks */ = {
			isa = PBXFrameworksBuildPhase;
			buildActionMask = 2147483647;
			files = (
			);
			runOnlyForDeploymentPostprocessing = 0;
		};
/* End PBXFrameworksBuildPhase section */

/* Begin PBXGroup section */
		C54DDCB72BDA2E810005FA21 = {
			isa = PBXGroup;
			children = (
				C54DDCC22BDA2E820005FA21 /* SwiftUI-Weather */,
				C54DDCD32BDA2E820005FA21 /* SwiftUI-WeatherTests */,
				C54DDCDD2BDA2E820005FA21 /* SwiftUI-WeatherUITests */,
				C54DDCC12BDA2E820005FA21 /* Products */,
			);
			sourceTree = "<group>";
		};
		C54DDCC12BDA2E820005FA21 /* Products */ = {
			isa = PBXGroup;
			children = (
				C54DDCC02BDA2E820005FA21 /* SwiftUI-Weather.app */,
				C54DDCD02BDA2E820005FA21 /* SwiftUI-WeatherTests.xctest */,
				C54DDCDA2BDA2E820005FA21 /* SwiftUI-WeatherUITests.xctest */,
			);
			name = Products;
			sourceTree = "<group>";
		};
		C54DDCC22BDA2E820005FA21 /* SwiftUI-Weather */ = {
			isa = PBXGroup;
			children = (
				C54DDCF52BDA4EB80005FA21 /* Views */,
				C54DDCC32BDA2E820005FA21 /* SwiftUI_WeatherApp.swift */,
				C54DDCC52BDA2E820005FA21 /* ContentView.swift */,
				C54DDCC72BDA2E820005FA21 /* Assets.xcassets */,
				C54DDCC92BDA2E820005FA21 /* Preview Content */,
			);
			path = "SwiftUI-Weather";
			sourceTree = "<group>";
		};
		C54DDCC92BDA2E820005FA21 /* Preview Content */ = {
			isa = PBXGroup;
			children = (
				C54DDCCA2BDA2E820005FA21 /* Preview Assets.xcassets */,
			);
			path = "Preview Content";
			sourceTree = "<group>";
		};
		C54DDCD32BDA2E820005FA21 /* SwiftUI-WeatherTests */ = {
			isa = PBXGroup;
			children = (
				C54DDCD42BDA2E820005FA21 /* SwiftUI_WeatherTests.swift */,
			);
			path = "SwiftUI-WeatherTests";
			sourceTree = "<group>";
		};
		C54DDCDD2BDA2E820005FA21 /* SwiftUI-WeatherUITests */ = {
			isa = PBXGroup;
			children = (
				C54DDCDE2BDA2E820005FA21 /* SwiftUI_WeatherUITests.swift */,
				C54DDCE02BDA2E820005FA21 /* SwiftUI_WeatherUITestsLaunchTests.swift */,
			);
			path = "SwiftUI-WeatherUITests";
			sourceTree = "<group>";
		};
		C54DDCF52BDA4EB80005FA21 /* Views */ = {
			isa = PBXGroup;
			children = (
				C54DDCED2BDA4A180005FA21 /* WeatherDayView.swift */,
				C54DDCEF2BDA4DB40005FA21 /* TodayView.swift */,
				C54DDCF12BDA4E2A0005FA21 /* BackgroundView.swift */,
				C54DDCF32BDA4E870005FA21 /* TitleTodayView.swift */,
			);
			path = Views;
			sourceTree = "<group>";
		};
/* End PBXGroup section */

/* Begin PBXNativeTarget section */
		C54DDCBF2BDA2E820005FA21 /* SwiftUI-Weather */ = {
			isa = PBXNativeTarget;
			buildConfigurationList = C54DDCE42BDA2E820005FA21 /* Build configuration list for PBXNativeTarget "SwiftUI-Weather" */;
			buildPhases = (
				C54DDCBC2BDA2E820005FA21 /* Sources */,
				C54DDCBD2BDA2E820005FA21 /* Frameworks */,
				C54DDCBE2BDA2E820005FA21 /* Resources */,
			);
			buildRules = (
			);
			dependencies = (
			);
			name = "SwiftUI-Weather";
			productName = "SwiftUI-Weather";
			productReference = C54DDCC02BDA2E820005FA21 /* SwiftUI-Weather.app */;
			productType = "com.apple.product-type.application";
		};
		C54DDCCF2BDA2E820005FA21 /* SwiftUI-WeatherTests */ = {
			isa = PBXNativeTarget;
			buildConfigurationList = C54DDCE72BDA2E820005FA21 /* Build configuration list for PBXNativeTarget "SwiftUI-WeatherTests" */;
			buildPhases = (
				C54DDCCC2BDA2E820005FA21 /* Sources */,
				C54DDCCD2BDA2E820005FA21 /* Frameworks */,
				C54DDCCE2BDA2E820005FA21 /* Resources */,
			);
			buildRules = (
			);
			dependencies = (
				C54DDCD22BDA2E820005FA21 /* PBXTargetDependency */,
			);
			name = "SwiftUI-WeatherTests";
			productName = "SwiftUI-WeatherTests";
			productReference = C54DDCD02BDA2E820005FA21 /* SwiftUI-WeatherTests.xctest */;
			productType = "com.apple.product-type.bundle.unit-test";
		};
		C54DDCD92BDA2E820005FA21 /* SwiftUI-WeatherUITests */ = {
			isa = PBXNativeTarget;
			buildConfigurationList = C54DDCEA2BDA2E820005FA21 /* Build configuration list for PBXNativeTarget "SwiftUI-WeatherUITests" */;
			buildPhases = (
				C54DDCD62BDA2E820005FA21 /* Sources */,
				C54DDCD72BDA2E820005FA21 /* Frameworks */,
				C54DDCD82BDA2E820005FA21 /* Resources */,
			);
			buildRules = (
			);
			dependencies = (
				C54DDCDC2BDA2E820005FA21 /* PBXTargetDependency */,
			);
			name = "SwiftUI-WeatherUITests";
			productName = "SwiftUI-WeatherUITests";
			productReference = C54DDCDA2BDA2E820005FA21 /* SwiftUI-WeatherUITests.xctest */;
			productType = "com.apple.product-type.bundle.ui-testing";
		};
/* End PBXNativeTarget section */

/* Begin PBXProject section */
		C54DDCB82BDA2E820005FA21 /* Project object */ = {
			isa = PBXProject;
			attributes = {
				BuildIndependentTargetsInParallel = 1;
				LastSwiftUpdateCheck = 1530;
				LastUpgradeCheck = 1530;
				TargetAttributes = {
					C54DDCBF2BDA2E820005FA21 = {
						CreatedOnToolsVersion = 15.3;
					};
					C54DDCCF2BDA2E820005FA21 = {
						CreatedOnToolsVersion = 15.3;
						TestTargetID = C54DDCBF2BDA2E820005FA21;
					};
					C54DDCD92BDA2E820005FA21 = {
						CreatedOnToolsVersion = 15.3;
						TestTargetID = C54DDCBF2BDA2E820005FA21;
					};
				};
			};
			buildConfigurationList = C54DDCBB2BDA2E820005FA21 /* Build configuration list for PBXProject "SwiftUI-Weather" */;
			compatibilityVersion = "Xcode 14.0";
			developmentRegion = en;
			hasScannedForEncodings = 0;
			knownRegions = (
				en,
				Base,
			);
			mainGroup = C54DDCB72BDA2E810005FA21;
			productRefGroup = C54DDCC12BDA2E820005FA21 /* Products */;
			projectDirPath = "";
			projectRoot = "";
			targets = (
				C54DDCBF2BDA2E820005FA21 /* SwiftUI-Weather */,
				C54DDCCF2BDA2E820005FA21 /* SwiftUI-WeatherTests */,
				C54DDCD92BDA2E820005FA21 /* SwiftUI-WeatherUITests */,
			);
		};
/* End PBXProject section */

/* Begin PBXResourcesBuildPhase section */
		C54DDCBE2BDA2E820005FA21 /* Resources */ = {
			isa = PBXResourcesBuildPhase;
			buildActionMask = 2147483647;
			files = (
				C54DDCCB2BDA2E820005FA21 /* Preview Assets.xcassets in Resources */,
				C54DDCC82BDA2E820005FA21 /* Assets.xcassets in Resources */,
			);
			runOnlyForDeploymentPostprocessing = 0;
		};
		C54DDCCE2BDA2E820005FA21 /* Resources */ = {
			isa = PBXResourcesBuildPhase;
			buildActionMask = 2147483647;
			files = (
			);
			runOnlyForDeploymentPostprocessing = 0;
		};
		C54DDCD82BDA2E820005FA21 /* Resources */ = {
			isa = PBXResourcesBuildPhase;
			buildActionMask = 2147483647;
			files = (
			);
			runOnlyForDeploymentPostprocessing = 0;
		};
/* End PBXResourcesBuildPhase section */

/* Begin PBXSourcesBuildPhase section */
		C54DDCBC2BDA2E820005FA21 /* Sources */ = {
			isa = PBXSourcesBuildPhase;
			buildActionMask = 2147483647;
			files = (
				C54DDCF22BDA4E2A0005FA21 /* BackgroundView.swift in Sources */,
				C54DDCF42BDA4E870005FA21 /* TitleTodayView.swift in Sources */,
				C54DDCC62BDA2E820005FA21 /* ContentView.swift in Sources */,
				C54DDCC42BDA2E820005FA21 /* SwiftUI_WeatherApp.swift in Sources */,
				C54DDCF02BDA4DB40005FA21 /* TodayView.swift in Sources */,
				C54DDCEE2BDA4A180005FA21 /* WeatherDayView.swift in Sources */,
			);
			runOnlyForDeploymentPostprocessing = 0;
		};
		C54DDCCC2BDA2E820005FA21 /* Sources */ = {
			isa = PBXSourcesBuildPhase;
			buildActionMask = 2147483647;
			files = (
				C54DDCD52BDA2E820005FA21 /* SwiftUI_WeatherTests.swift in Sources */,
			);
			runOnlyForDeploymentPostprocessing = 0;
		};
		C54DDCD62BDA2E820005FA21 /* Sources */ = {
			isa = PBXSourcesBuildPhase;
			buildActionMask = 2147483647;
			files = (
				C54DDCDF2BDA2E820005FA21 /* SwiftUI_WeatherUITests.swift in Sources */,
				C54DDCE12BDA2E820005FA21 /* SwiftUI_WeatherUITestsLaunchTests.swift in Sources */,
			);
			runOnlyForDeploymentPostprocessing = 0;
		};
/* End PBXSourcesBuildPhase section */

/* Begin PBXTargetDependency section */
		C54DDCD22BDA2E820005FA21 /* PBXTargetDependency */ = {
			isa = PBXTargetDependency;
			target = C54DDCBF2BDA2E820005FA21 /* SwiftUI-Weather */;
			targetProxy = C54DDCD12BDA2E820005FA21 /* PBXContainerItemProxy */;
		};
		C54DDCDC2BDA2E820005FA21 /* PBXTargetDependency */ = {
			isa = PBXTargetDependency;
			target = C54DDCBF2BDA2E820005FA21 /* SwiftUI-Weather */;
			targetProxy = C54DDCDB2BDA2E820005FA21 /* PBXContainerItemProxy */;
		};
/* End PBXTargetDependency section */

/* Begin XCBuildConfiguration section */
		C54DDCE22BDA2E820005FA21 /* Debug */ = {
			isa = XCBuildConfiguration;
			buildSettings = {
				ALWAYS_SEARCH_USER_PATHS = NO;
				ASSETCATALOG_COMPILER_GENERATE_SWIFT_ASSET_SYMBOL_EXTENSIONS = YES;
				CLANG_ANALYZER_NONNULL = YES;
				CLANG_ANALYZER_NUMBER_OBJECT_CONVERSION = YES_AGGRESSIVE;
				CLANG_CXX_LANGUAGE_STANDARD = "gnu++20";
				CLANG_ENABLE_MODULES = YES;
				CLANG_ENABLE_OBJC_ARC = YES;
				CLANG_ENABLE_OBJC_WEAK = YES;
				CLANG_WARN_BLOCK_CAPTURE_AUTORELEASING = YES;
				CLANG_WARN_BOOL_CONVERSION = YES;
				CLANG_WARN_COMMA = YES;
				CLANG_WARN_CONSTANT_CONVERSION = YES;
				CLANG_WARN_DEPRECATED_OBJC_IMPLEMENTATIONS = YES;
				CLANG_WARN_DIRECT_OBJC_ISA_USAGE = YES_ERROR;
				CLANG_WARN_DOCUMENTATION_COMMENTS = YES;
				CLANG_WARN_EMPTY_BODY = YES;
				CLANG_WARN_ENUM_CONVERSION = YES;
				CLANG_WARN_INFINITE_RECURSION = YES;
				CLANG_WARN_INT_CONVERSION = YES;
				CLANG_WARN_NON_LITERAL_NULL_CONVERSION = YES;
				CLANG_WARN_OBJC_IMPLICIT_RETAIN_SELF = YES;
				CLANG_WARN_OBJC_LITERAL_CONVERSION = YES;
				CLANG_WARN_OBJC_ROOT_CLASS = YES_ERROR;
				CLANG_WARN_QUOTED_INCLUDE_IN_FRAMEWORK_HEADER = YES;
				CLANG_WARN_RANGE_LOOP_ANALYSIS = YES;
				CLANG_WARN_STRICT_PROTOTYPES = YES;
				CLANG_WARN_SUSPICIOUS_MOVE = YES;
				CLANG_WARN_UNGUARDED_AVAILABILITY = YES_AGGRESSIVE;
				CLANG_WARN_UNREACHABLE_CODE = YES;
				CLANG_WARN__DUPLICATE_METHOD_MATCH = YES;
				COPY_PHASE_STRIP = NO;
				DEBUG_INFORMATION_FORMAT = dwarf;
				ENABLE_STRICT_OBJC_MSGSEND = YES;
				ENABLE_TESTABILITY = YES;
				ENABLE_USER_SCRIPT_SANDBOXING = YES;
				GCC_C_LANGUAGE_STANDARD = gnu17;
				GCC_DYNAMIC_NO_PIC = NO;
				GCC_NO_COMMON_BLOCKS = YES;
				GCC_OPTIMIZATION_LEVEL = 0;
				GCC_PREPROCESSOR_DEFINITIONS = (
					"DEBUG=1",
					"$(inherited)",
				);
				GCC_WARN_64_TO_32_BIT_CONVERSION = YES;
				GCC_WARN_ABOUT_RETURN_TYPE = YES_ERROR;
				GCC_WARN_UNDECLARED_SELECTOR = YES;
				GCC_WARN_UNINITIALIZED_AUTOS = YES_AGGRESSIVE;
				GCC_WARN_UNUSED_FUNCTION = YES;
				GCC_WARN_UNUSED_VARIABLE = YES;
				IPHONEOS_DEPLOYMENT_TARGET = 17.4;
				LOCALIZATION_PREFERS_STRING_CATALOGS = YES;
				MTL_ENABLE_DEBUG_INFO = INCLUDE_SOURCE;
				MTL_FAST_MATH = YES;
				ONLY_ACTIVE_ARCH = YES;
				SDKROOT = iphoneos;
				SWIFT_ACTIVE_COMPILATION_CONDITIONS = "DEBUG $(inherited)";
				SWIFT_OPTIMIZATION_LEVEL = "-Onone";
			};
			name = Debug;
		};
		C54DDCE32BDA2E820005FA21 /* Release */ = {
			isa = XCBuildConfiguration;
			buildSettings = {
				ALWAYS_SEARCH_USER_PATHS = NO;
				ASSETCATALOG_COMPILER_GENERATE_SWIFT_ASSET_SYMBOL_EXTENSIONS = YES;
				CLANG_ANALYZER_NONNULL = YES;
				CLANG_ANALYZER_NUMBER_OBJECT_CONVERSION = YES_AGGRESSIVE;
				CLANG_CXX_LANGUAGE_STANDARD = "gnu++20";
				CLANG_ENABLE_MODULES = YES;
				CLANG_ENABLE_OBJC_ARC = YES;
				CLANG_ENABLE_OBJC_WEAK = YES;
				CLANG_WARN_BLOCK_CAPTURE_AUTORELEASING = YES;
				CLANG_WARN_BOOL_CONVERSION = YES;
				CLANG_WARN_COMMA = YES;
				CLANG_WARN_CONSTANT_CONVERSION = YES;
				CLANG_WARN_DEPRECATED_OBJC_IMPLEMENTATIONS = YES;
				CLANG_WARN_DIRECT_OBJC_ISA_USAGE = YES_ERROR;
				CLANG_WARN_DOCUMENTATION_COMMENTS = YES;
				CLANG_WARN_EMPTY_BODY = YES;
				CLANG_WARN_ENUM_CONVERSION = YES;
				CLANG_WARN_INFINITE_RECURSION = YES;
				CLANG_WARN_INT_CONVERSION = YES;
				CLANG_WARN_NON_LITERAL_NULL_CONVERSION = YES;
				CLANG_WARN_OBJC_IMPLICIT_RETAIN_SELF = YES;
				CLANG_WARN_OBJC_LITERAL_CONVERSION = YES;
				CLANG_WARN_OBJC_ROOT_CLASS = YES_ERROR;
				CLANG_WARN_QUOTED_INCLUDE_IN_FRAMEWORK_HEADER = YES;
				CLANG_WARN_RANGE_LOOP_ANALYSIS = YES;
				CLANG_WARN_STRICT_PROTOTYPES = YES;
				CLANG_WARN_SUSPICIOUS_MOVE = YES;
				CLANG_WARN_UNGUARDED_AVAILABILITY = YES_AGGRESSIVE;
				CLANG_WARN_UNREACHABLE_CODE = YES;
				CLANG_WARN__DUPLICATE_METHOD_MATCH = YES;
				COPY_PHASE_STRIP = NO;
				DEBUG_INFORMATION_FORMAT = "dwarf-with-dsym";
				ENABLE_NS_ASSERTIONS = NO;
				ENABLE_STRICT_OBJC_MSGSEND = YES;
				ENABLE_USER_SCRIPT_SANDBOXING = YES;
				GCC_C_LANGUAGE_STANDARD = gnu17;
				GCC_NO_COMMON_BLOCKS = YES;
				GCC_WARN_64_TO_32_BIT_CONVERSION = YES;
				GCC_WARN_ABOUT_RETURN_TYPE = YES_ERROR;
				GCC_WARN_UNDECLARED_SELECTOR = YES;
				GCC_WARN_UNINITIALIZED_AUTOS = YES_AGGRESSIVE;
				GCC_WARN_UNUSED_FUNCTION = YES;
				GCC_WARN_UNUSED_VARIABLE = YES;
				IPHONEOS_DEPLOYMENT_TARGET = 17.4;
				LOCALIZATION_PREFERS_STRING_CATALOGS = YES;
				MTL_ENABLE_DEBUG_INFO = NO;
				MTL_FAST_MATH = YES;
				SDKROOT = iphoneos;
				SWIFT_COMPILATION_MODE = wholemodule;
				VALIDATE_PRODUCT = YES;
			};
			name = Release;
		};
		C54DDCE52BDA2E820005FA21 /* Debug */ = {
			isa = XCBuildConfiguration;
			buildSettings = {
				ASSETCATALOG_COMPILER_APPICON_NAME = AppIcon;
				ASSETCATALOG_COMPILER_GLOBAL_ACCENT_COLOR_NAME = AccentColor;
				CODE_SIGN_STYLE = Automatic;
				CURRENT_PROJECT_VERSION = 1;
				DEVELOPMENT_ASSET_PATHS = "\"SwiftUI-Weather/Preview Content\"";
				DEVELOPMENT_TEAM = Y3U2455K6G;
				ENABLE_PREVIEWS = YES;
				GENERATE_INFOPLIST_FILE = YES;
				INFOPLIST_KEY_UIApplicationSceneManifest_Generation = YES;
				INFOPLIST_KEY_UIApplicationSupportsIndirectInputEvents = YES;
				INFOPLIST_KEY_UILaunchScreen_Generation = YES;
				INFOPLIST_KEY_UISupportedInterfaceOrientations_iPad = "UIInterfaceOrientationPortrait UIInterfaceOrientationPortraitUpsideDown UIInterfaceOrientationLandscapeLeft UIInterfaceOrientationLandscapeRight";
				INFOPLIST_KEY_UISupportedInterfaceOrientations_iPhone = "UIInterfaceOrientationPortrait UIInterfaceOrientationLandscapeLeft UIInterfaceOrientationLandscapeRight";
				LD_RUNPATH_SEARCH_PATHS = (
					"$(inherited)",
					"@executable_path/Frameworks",
				);
				MARKETING_VERSION = 1.0;
				PRODUCT_BUNDLE_IDENTIFIER = "Kane03.SwiftUI-Weather";
				PRODUCT_NAME = "$(TARGET_NAME)";
				SWIFT_EMIT_LOC_STRINGS = YES;
				SWIFT_VERSION = 5.0;
				TARGETED_DEVICE_FAMILY = "1,2";
			};
			name = Debug;
		};
		C54DDCE62BDA2E820005FA21 /* Release */ = {
			isa = XCBuildConfiguration;
			buildSettings = {
				ASSETCATALOG_COMPILER_APPICON_NAME = AppIcon;
				ASSETCATALOG_COMPILER_GLOBAL_ACCENT_COLOR_NAME = AccentColor;
				CODE_SIGN_STYLE = Automatic;
				CURRENT_PROJECT_VERSION = 1;
				DEVELOPMENT_ASSET_PATHS = "\"SwiftUI-Weather/Preview Content\"";
				DEVELOPMENT_TEAM = Y3U2455K6G;
				ENABLE_PREVIEWS = YES;
				GENERATE_INFOPLIST_FILE = YES;
				INFOPLIST_KEY_UIApplicationSceneManifest_Generation = YES;
				INFOPLIST_KEY_UIApplicationSupportsIndirectInputEvents = YES;
				INFOPLIST_KEY_UILaunchScreen_Generation = YES;
				INFOPLIST_KEY_UISupportedInterfaceOrientations_iPad = "UIInterfaceOrientationPortrait UIInterfaceOrientationPortraitUpsideDown UIInterfaceOrientationLandscapeLeft UIInterfaceOrientationLandscapeRight";
				INFOPLIST_KEY_UISupportedInterfaceOrientations_iPhone = "UIInterfaceOrientationPortrait UIInterfaceOrientationLandscapeLeft UIInterfaceOrientationLandscapeRight";
				LD_RUNPATH_SEARCH_PATHS = (
					"$(inherited)",
					"@executable_path/Frameworks",
				);
				MARKETING_VERSION = 1.0;
				PRODUCT_BUNDLE_IDENTIFIER = "Kane03.SwiftUI-Weather";
				PRODUCT_NAME = "$(TARGET_NAME)";
				SWIFT_EMIT_LOC_STRINGS = YES;
				SWIFT_VERSION = 5.0;
				TARGETED_DEVICE_FAMILY = "1,2";
			};
			name = Release;
		};
		C54DDCE82BDA2E820005FA21 /* Debug */ = {
			isa = XCBuildConfiguration;
			buildSettings = {
				ALWAYS_EMBED_SWIFT_STANDARD_LIBRARIES = YES;
				BUNDLE_LOADER = "$(TEST_HOST)";
				CODE_SIGN_STYLE = Automatic;
				CURRENT_PROJECT_VERSION = 1;
				DEVELOPMENT_TEAM = Y3U2455K6G;
				GENERATE_INFOPLIST_FILE = YES;
				IPHONEOS_DEPLOYMENT_TARGET = 17.4;
				MARKETING_VERSION = 1.0;
				PRODUCT_BUNDLE_IDENTIFIER = "Kane03.SwiftUI-WeatherTests";
				PRODUCT_NAME = "$(TARGET_NAME)";
				SWIFT_EMIT_LOC_STRINGS = NO;
				SWIFT_VERSION = 5.0;
				TARGETED_DEVICE_FAMILY = "1,2";
				TEST_HOST = "$(BUILT_PRODUCTS_DIR)/SwiftUI-Weather.app/$(BUNDLE_EXECUTABLE_FOLDER_PATH)/SwiftUI-Weather";
			};
			name = Debug;
		};
		C54DDCE92BDA2E820005FA21 /* Release */ = {
			isa = XCBuildConfiguration;
			buildSettings = {
				ALWAYS_EMBED_SWIFT_STANDARD_LIBRARIES = YES;
				BUNDLE_LOADER = "$(TEST_HOST)";
				CODE_SIGN_STYLE = Automatic;
				CURRENT_PROJECT_VERSION = 1;
				DEVELOPMENT_TEAM = Y3U2455K6G;
				GENERATE_INFOPLIST_FILE = YES;
				IPHONEOS_DEPLOYMENT_TARGET = 17.4;
				MARKETING_VERSION = 1.0;
				PRODUCT_BUNDLE_IDENTIFIER = "Kane03.SwiftUI-WeatherTests";
				PRODUCT_NAME = "$(TARGET_NAME)";
				SWIFT_EMIT_LOC_STRINGS = NO;
				SWIFT_VERSION = 5.0;
				TARGETED_DEVICE_FAMILY = "1,2";
				TEST_HOST = "$(BUILT_PRODUCTS_DIR)/SwiftUI-Weather.app/$(BUNDLE_EXECUTABLE_FOLDER_PATH)/SwiftUI-Weather";
			};
			name = Release;
		};
		C54DDCEB2BDA2E820005FA21 /* Debug */ = {
			isa = XCBuildConfiguration;
			buildSettings = {
				ALWAYS_EMBED_SWIFT_STANDARD_LIBRARIES = YES;
				CODE_SIGN_STYLE = Automatic;
				CURRENT_PROJECT_VERSION = 1;
				DEVELOPMENT_TEAM = Y3U2455K6G;
				GENERATE_INFOPLIST_FILE = YES;
				MARKETING_VERSION = 1.0;
				PRODUCT_BUNDLE_IDENTIFIER = "Kane03.SwiftUI-WeatherUITests";
				PRODUCT_NAME = "$(TARGET_NAME)";
				SWIFT_EMIT_LOC_STRINGS = NO;
				SWIFT_VERSION = 5.0;
				TARGETED_DEVICE_FAMILY = "1,2";
				TEST_TARGET_NAME = "SwiftUI-Weather";
			};
			name = Debug;
		};
		C54DDCEC2BDA2E820005FA21 /* Release */ = {
			isa = XCBuildConfiguration;
			buildSettings = {
				ALWAYS_EMBED_SWIFT_STANDARD_LIBRARIES = YES;
				CODE_SIGN_STYLE = Automatic;
				CURRENT_PROJECT_VERSION = 1;
				DEVELOPMENT_TEAM = Y3U2455K6G;
				GENERATE_INFOPLIST_FILE = YES;
				MARKETING_VERSION = 1.0;
				PRODUCT_BUNDLE_IDENTIFIER = "Kane03.SwiftUI-WeatherUITests";
				PRODUCT_NAME = "$(TARGET_NAME)";
				SWIFT_EMIT_LOC_STRINGS = NO;
				SWIFT_VERSION = 5.0;
				TARGETED_DEVICE_FAMILY = "1,2";
				TEST_TARGET_NAME = "SwiftUI-Weather";
			};
			name = Release;
		};
/* End XCBuildConfiguration section */

/* Begin XCConfigurationList section */
		C54DDCBB2BDA2E820005FA21 /* Build configuration list for PBXProject "SwiftUI-Weather" */ = {
			isa = XCConfigurationList;
			buildConfigurations = (
				C54DDCE22BDA2E820005FA21 /* Debug */,
				C54DDCE32BDA2E820005FA21 /* Release */,
			);
			defaultConfigurationIsVisible = 0;
			defaultConfigurationName = Release;
		};
		C54DDCE42BDA2E820005FA21 /* Build configuration list for PBXNativeTarget "SwiftUI-Weather" */ = {
			isa = XCConfigurationList;
			buildConfigurations = (
				C54DDCE52BDA2E820005FA21 /* Debug */,
				C54DDCE62BDA2E820005FA21 /* Release */,
			);
			defaultConfigurationIsVisible = 0;
			defaultConfigurationName = Release;
		};
		C54DDCE72BDA2E820005FA21 /* Build configuration list for PBXNativeTarget "SwiftUI-WeatherTests" */ = {
			isa = XCConfigurationList;
			buildConfigurations = (
				C54DDCE82BDA2E820005FA21 /* Debug */,
				C54DDCE92BDA2E820005FA21 /* Release */,
			);
			defaultConfigurationIsVisible = 0;
			defaultConfigurationName = Release;
		};
		C54DDCEA2BDA2E820005FA21 /* Build configuration list for PBXNativeTarget "SwiftUI-WeatherUITests" */ = {
			isa = XCConfigurationList;
			buildConfigurations = (
				C54DDCEB2BDA2E820005FA21 /* Debug */,
				C54DDCEC2BDA2E820005FA21 /* Release */,
			);
			defaultConfigurationIsVisible = 0;
			defaultConfigurationName = Release;
		};
/* End XCConfigurationList section */
	};
	rootObject = C54DDCB82BDA2E820005FA21 /* Project object */;
}
